
Microsoft Visual Studio Solution File, Format Version 12.00
# Visual Studio Version 17
VisualStudioVersion = 17.9.34622.214
MinimumVisualStudioVersion = 10.0.40219.1
Project("{FAE04EC0-301F-11D3-BF4B-00C04F79EFBC}") = "JumpKing-FreeFlyKingMod", "JumpKing-FreeFlyKingMod\JumpKing-FreeFlyKingMod.csproj", "{AA113C63-6124-4A0B-A8EC-AE2D655EDB16}"
EndProject
Global
	GlobalSection(SolutionConfigurationPlatforms) = preSolution
		Debug|Any CPU = Debug|Any CPU
		Release|Any CPU = Release|Any CPU
	EndGlobalSection
	GlobalSection(ProjectConfigurationPlatforms) = postSolution
		{AA113C63-6124-4A0B-A8EC-AE2D655EDB16}.Debug|Any CPU.ActiveCfg = Debug|Any CPU
		{AA113C63-6124-4A0B-A8EC-AE2D655EDB16}.Debug|Any CPU.Build.0 = Debug|Any CPU
		{AA113C63-6124-4A0B-A8EC-AE2D655EDB16}.Release|Any CPU.ActiveCfg = Release|Any CPU
		{AA113C63-6124-4A0B-A8EC-AE2D655EDB16}.Release|Any CPU.Build.0 = Release|Any CPU
	EndGlobalSection
	GlobalSection(SolutionProperties) = preSolution
		HideSolutionNode = FALSE
	EndGlobalSection
	GlobalSection(ExtensibilityGlobals) = postSolution
		SolutionGuid = {787940DB-F8C0-4050-8E9A-F5FC01BCEDE8}
	EndGlobalSection
EndGlobal
